{
  "requires": true,
  "lockfileVersion": 1,
  "dependencies": {
    "@types/socket.io-client": {
      "version": "1.4.34",
      "resolved": "https://registry.npm.taobao.org/@types/socket.io-client/download/@types/socket.io-client-1.4.34.tgz",
      "integrity": "sha1-jKX1cyqa2St5q6cQg82l5YIePtk="
    }
  }
}
